
Microsoft Visual Studio Solution File, Format Version 12.00
# Visual Studio Version 16
VisualStudioVersion = 16.0.31911.196
MinimumVisualStudioVersion = 10.0.40219.1
Project("{9A19103F-16F7-4668-BE54-9A1E7A4F7556}") = "PetAdoptionApp", "PetAdoptionApp\PetAdoptionApp.csproj", "{E27692AA-FCFA-4D22-8A67-7655026F9599}"
EndProject
Global
	GlobalSection(SolutionConfigurationPlatforms) = preSolution
		Debug|Any CPU = Debug|Any CPU
		Release|Any CPU = Release|Any CPU
	EndGlobalSection
	GlobalSection(ProjectConfigurationPlatforms) = postSolution
		{E27692AA-FCFA-4D22-8A67-7655026F9599}.Debug|Any CPU.ActiveCfg = Debug|Any CPU
		{E27692AA-FCFA-4D22-8A67-7655026F9599}.Debug|Any CPU.Build.0 = Debug|Any CPU
		{E27692AA-FCFA-4D22-8A67-7655026F9599}.Release|Any CPU.ActiveCfg = Release|Any CPU
		{E27692AA-FCFA-4D22-8A67-7655026F9599}.Release|Any CPU.Build.0 = Release|Any CPU
	EndGlobalSection
	GlobalSection(SolutionProperties) = preSolution
		HideSolutionNode = FALSE
	EndGlobalSection
	GlobalSection(ExtensibilityGlobals) = postSolution
		SolutionGuid = {EA68AB14-7007-4B44-81FE-442CAE086D8F}
	EndGlobalSection
EndGlobal
